// !$*UTF8*$!
{
	archiveVersion = 1;
	classes = {
	};
	objectVersion = 50;
	objects = {

/* Begin PBXBuildFile section */
		2E8F525622ADE4D700720DA5 /* AppDelegate.swift in Sources */ = {isa = PBXBuildFile; fileRef = 2E8F525522ADE4D700720DA5 /* AppDelegate.swift */; };
		2E8F525822ADE4D700720DA5 /* ViewController.swift in Sources */ = {isa = PBXBuildFile; fileRef = 2E8F525722ADE4D700720DA5 /* ViewController.swift */; };
		2E8F525B22ADE4D700720DA5 /* Main.storyboard in Resources */ = {isa = PBXBuildFile; fileRef = 2E8F525922ADE4D700720DA5 /* Main.storyboard */; };
		2E8F525D22ADE4D900720DA5 /* Assets.xcassets in Resources */ = {isa = PBXBuildFile; fileRef = 2E8F525C22ADE4D900720DA5 /* Assets.xcassets */; };
		2E8F526022ADE4D900720DA5 /* LaunchScreen.storyboard in Resources */ = {isa = PBXBuildFile; fileRef = 2E8F525E22ADE4D900720DA5 /* LaunchScreen.storyboard */; };
		2E8F526B22ADE4D900720DA5 /* ContactTestTests.swift in Sources */ = {isa = PBXBuildFile; fileRef = 2E8F526A22ADE4D900720DA5 /* ContactTestTests.swift */; };
		2E8F527622ADE4D900720DA5 /* ContactTestUITests.swift in Sources */ = {isa = PBXBuildFile; fileRef = 2E8F527522ADE4D900720DA5 /* ContactTestUITests.swift */; };
		2E8F528422ADE50300720DA5 /* ContactTool.swift in Sources */ = {isa = PBXBuildFile; fileRef = 2E8F528322ADE50200720DA5 /* ContactTool.swift */; };
/* End PBXBuildFile section */

/* Begin PBXContainerItemProxy section */
		2E8F526722ADE4D900720DA5 /* PBXContainerItemProxy */ = {
			isa = PBXContainerItemProxy;
			containerPortal = 2E8F524A22ADE4D700720DA5 /* Project object */;
			proxyType = 1;
			remoteGlobalIDString = 2E8F525122ADE4D700720DA5;
			remoteInfo = ContactTest;
		};
		2E8F527222ADE4D900720DA5 /* PBXContainerItemProxy */ = {
			isa = PBXContainerItemProxy;
			containerPortal = 2E8F524A22ADE4D700720DA5 /* Project object */;
			proxyType = 1;
			remoteGlobalIDString = 2E8F525122ADE4D700720DA5;
			remoteInfo = ContactTest;
		};
/* End PBXContainerItemProxy section */

/* Begin PBXFileReference section */
		2E8F525222ADE4D700720DA5 /* ContactTest.app */ = {isa = PBXFileReference; explicitFileType = wrapper.application; includeInIndex = 0; path = ContactTest.app; sourceTree = BUILT_PRODUCTS_DIR; };
		2E8F525522ADE4D700720DA5 /* AppDelegate.swift */ = {isa = PBXFileReference; lastKnownFileType = sourcecode.swift; path = AppDelegate.swift; sourceTree = "<group>"; };
		2E8F525722ADE4D700720DA5 /* ViewController.swift */ = {isa = PBXFileReference; lastKnownFileType = sourcecode.swift; path = ViewController.swift; sourceTree = "<group>"; };
		2E8F525A22ADE4D700720DA5 /* Base */ = {isa = PBXFileReference; lastKnownFileType = file.storyboard; name = Base; path = Base.lproj/Main.storyboard; sourceTree = "<group>"; };
		2E8F525C22ADE4D900720DA5 /* Assets.xcassets */ = {isa = PBXFileReference; lastKnownFileType = folder.assetcatalog; path = Assets.xcassets; sourceTree = "<group>"; };
		2E8F525F22ADE4D900720DA5 /* Base */ = {isa = PBXFileReference; lastKnownFileType = file.storyboard; name = Base; path = Base.lproj/LaunchScreen.storyboard; sourceTree = "<group>"; };
		2E8F526122ADE4D900720DA5 /* Info.plist */ = {isa = PBXFileReference; lastKnownFileType = text.plist.xml; path = Info.plist; sourceTree = "<group>"; };
		2E8F526622ADE4D900720DA5 /* ContactTestTests.xctest */ = {isa = PBXFileReference; explicitFileType = wrapper.cfbundle; includeInIndex = 0; path = ContactTestTests.xctest; sourceTree = BUILT_PRODUCTS_DIR; };
		2E8F526A22ADE4D900720DA5 /* ContactTestTests.swift */ = {isa = PBXFileReference; lastKnownFileType = sourcecode.swift; path = ContactTestTests.swift; sourceTree = "<group>"; };
		2E8F526C22ADE4D900720DA5 /* Info.plist */ = {isa = PBXFileReference; lastKnownFileType = text.plist.xml; path = Info.plist; sourceTree = "<group>"; };
		2E8F527122ADE4D900720DA5 /* ContactTestUITests.xctest */ = {isa = PBXFileReference; explicitFileType = wrapper.cfbundle; includeInIndex = 0; path = ContactTestUITests.xctest; sourceTree = BUILT_PRODUCTS_DIR; };
		2E8F527522ADE4D900720DA5 /* ContactTestUITests.swift */ = {isa = PBXFileReference; lastKnownFileType = sourcecode.swift; path = ContactTestUITests.swift; sourceTree = "<group>"; };
		2E8F527722ADE4D900720DA5 /* Info.plist */ = {isa = PBXFileReference; lastKnownFileType = text.plist.xml; path = Info.plist; sourceTree = "<group>"; };
		2E8F528322ADE50200720DA5 /* ContactTool.swift */ = {isa = PBXFileReference; fileEncoding = 4; lastKnownFileType = sourcecode.swift; path = ContactTool.swift; sourceTree = "<group>"; };
/* End PBXFileReference section */

/* Begin PBXFrameworksBuildPhase section */
		2E8F524F22ADE4D700720DA5 /* Frameworks */ = {
			isa = PBXFrameworksBuildPhase;
			buildActionMask = 2147483647;
			files = (
			);
			runOnlyForDeploymentPostprocessing = 0;
		};
		2E8F526322ADE4D900720DA5 /* Frameworks */ = {
			isa = PBXFrameworksBuildPhase;
			buildActionMask = 2147483647;
			files = (
			);
			runOnlyForDeploymentPostprocessing = 0;
		};
		2E8F526E22ADE4D900720DA5 /* Frameworks */ = {
			isa = PBXFrameworksBuildPhase;
			buildActionMask = 2147483647;
			files = (
			);
			runOnlyForDeploymentPostprocessing = 0;
		};
/* End PBXFrameworksBuildPhase section */

/* Begin PBXGroup section */
		2E8F524922ADE4D700720DA5 = {
			isa = PBXGroup;
			children = (
				2E8F525422ADE4D700720DA5 /* ContactTest */,
				2E8F526922ADE4D900720DA5 /* ContactTestTests */,
				2E8F527422ADE4D900720DA5 /* ContactTestUITests */,
				2E8F525322ADE4D700720DA5 /* Products */,
			);
			sourceTree = "<group>";
		};
		2E8F525322ADE4D700720DA5 /* Products */ = {
			isa = PBXGroup;
			children = (
				2E8F525222ADE4D700720DA5 /* ContactTest.app */,
				2E8F526622ADE4D900720DA5 /* ContactTestTests.xctest */,
				2E8F527122ADE4D900720DA5 /* ContactTestUITests.xctest */,
			);
			name = Products;
			sourceTree = "<group>";
		};
		2E8F525422ADE4D700720DA5 /* ContactTest */ = {
			isa = PBXGroup;
			children = (
				2E8F525522ADE4D700720DA5 /* AppDelegate.swift */,
				2E8F525722ADE4D700720DA5 /* ViewController.swift */,
				2E8F528322ADE50200720DA5 /* ContactTool.swift */,
				2E8F525922ADE4D700720DA5 /* Main.storyboard */,
				2E8F525C22ADE4D900720DA5 /* Assets.xcassets */,
				2E8F525E22ADE4D900720DA5 /* LaunchScreen.storyboard */,
				2E8F526122ADE4D900720DA5 /* Info.plist */,
			);
			path = ContactTest;
			sourceTree = "<group>";
		};
		2E8F526922ADE4D900720DA5 /* ContactTestTests */ = {
			isa = PBXGroup;
			children = (
				2E8F526A22ADE4D900720DA5 /* ContactTestTests.swift */,
				2E8F526C22ADE4D900720DA5 /* Info.plist */,
			);
			path = ContactTestTests;
			sourceTree = "<group>";
		};
		2E8F527422ADE4D900720DA5 /* ContactTestUITests */ = {
			isa = PBXGroup;
			children = (
				2E8F527522ADE4D900720DA5 /* ContactTestUITests.swift */,
				2E8F527722ADE4D900720DA5 /* Info.plist */,
			);
			path = ContactTestUITests;
			sourceTree = "<group>";
		};
/* End PBXGroup section */

/* Begin PBXNativeTarget section */
		2E8F525122ADE4D700720DA5 /* ContactTest */ = {
			isa = PBXNativeTarget;
			buildConfigurationList = 2E8F527A22ADE4D900720DA5 /* Build configuration list for PBXNativeTarget "ContactTest" */;
			buildPhases = (
				2E8F524E22ADE4D700720DA5 /* Sources */,
				2E8F524F22ADE4D700720DA5 /* Frameworks */,
				2E8F525022ADE4D700720DA5 /* Resources */,
			);
			buildRules = (
			);
			dependencies = (
			);
			name = ContactTest;
			productName = ContactTest;
			productReference = 2E8F525222ADE4D700720DA5 /* ContactTest.app */;
			productType = "com.apple.product-type.application";
		};
		2E8F526522ADE4D900720DA5 /* ContactTestTests */ = {
			isa = PBXNativeTarget;
			buildConfigurationList = 2E8F527D22ADE4D900720DA5 /* Build configuration list for PBXNativeTarget "ContactTestTests" */;
			buildPhases = (
				2E8F526222ADE4D900720DA5 /* Sources */,
				2E8F526322ADE4D900720DA5 /* Frameworks */,
				2E8F526422ADE4D900720DA5 /* Resources */,
			);
			buildRules = (
			);
			dependencies = (
				2E8F526822ADE4D900720DA5 /* PBXTargetDependency */,
			);
			name = ContactTestTests;
			productName = ContactTestTests;
			productReference = 2E8F526622ADE4D900720DA5 /* ContactTestTests.xctest */;
			productType = "com.apple.product-type.bundle.unit-test";
		};
		2E8F527022ADE4D900720DA5 /* ContactTestUITests */ = {
			isa = PBXNativeTarget;
			buildConfigurationList = 2E8F528022ADE4D900720DA5 /* Build configuration list for PBXNativeTarget "ContactTestUITests" */;
			buildPhases = (
				2E8F526D22ADE4D900720DA5 /* Sources */,
				2E8F526E22ADE4D900720DA5 /* Frameworks */,
				2E8F526F22ADE4D900720DA5 /* Resources */,
			);
			buildRules = (
			);
			dependencies = (
				2E8F527322ADE4D900720DA5 /* PBXTargetDependency */,
			);
			name = ContactTestUITests;
			productName = ContactTestUITests;
			productReference = 2E8F527122ADE4D900720DA5 /* ContactTestUITests.xctest */;
			productType = "com.apple.product-type.bundle.ui-testing";
		};
/* End PBXNativeTarget section */

/* Begin PBXProject section */
		2E8F524A22ADE4D700720DA5 /* Project object */ = {
			isa = PBXProject;
			attributes = {
				LastSwiftUpdateCheck = 1020;
				LastUpgradeCheck = 1020;
				ORGANIZATIONNAME = CuSO4;
				TargetAttributes = {
					2E8F525122ADE4D700720DA5 = {
						CreatedOnToolsVersion = 10.2.1;
					};
					2E8F526522ADE4D900720DA5 = {
						CreatedOnToolsVersion = 10.2.1;
						TestTargetID = 2E8F525122ADE4D700720DA5;
					};
					2E8F527022ADE4D900720DA5 = {
						CreatedOnToolsVersion = 10.2.1;
						TestTargetID = 2E8F525122ADE4D700720DA5;
					};
				};
			};
			buildConfigurationList = 2E8F524D22ADE4D700720DA5 /* Build configuration list for PBXProject "ContactTest" */;
			compatibilityVersion = "Xcode 9.3";
			developmentRegion = en;
			hasScannedForEncodings = 0;
			knownRegions = (
				en,
				Base,
			);
			mainGroup = 2E8F524922ADE4D700720DA5;
			productRefGroup = 2E8F525322ADE4D700720DA5 /* Products */;
			projectDirPath = "";
			projectRoot = "";
			targets = (
				2E8F525122ADE4D700720DA5 /* ContactTest */,
				2E8F526522ADE4D900720DA5 /* ContactTestTests */,
				2E8F527022ADE4D900720DA5 /* ContactTestUITests */,
			);
		};
/* End PBXProject section */

/* Begin PBXResourcesBuildPhase section */
		2E8F525022ADE4D700720DA5 /* Resources */ = {
			isa = PBXResourcesBuildPhase;
			buildActionMask = 2147483647;
			files = (
				2E8F526022ADE4D900720DA5 /* LaunchScreen.storyboard in Resources */,
				2E8F525D22ADE4D900720DA5 /* Assets.xcassets in Resources */,
				2E8F525B22ADE4D700720DA5 /* Main.storyboard in Resources */,
			);
			runOnlyForDeploymentPostprocessing = 0;
		};
		2E8F526422ADE4D900720DA5 /* Resources */ = {
			isa = PBXResourcesBuildPhase;
			buildActionMask = 2147483647;
			files = (
			);
			runOnlyForDeploymentPostprocessing = 0;
		};
		2E8F526F22ADE4D900720DA5 /* Resources */ = {
			isa = PBXResourcesBuildPhase;
			buildActionMask = 2147483647;
			files = (
			);
			runOnlyForDeploymentPostprocessing = 0;
		};
/* End PBXResourcesBuildPhase section */

/* Begin PBXSourcesBuildPhase section */
		2E8F524E22ADE4D700720DA5 /* Sources */ = {
			isa = PBXSourcesBuildPhase;
			buildActionMask = 2147483647;
			files = (
				2E8F528422ADE50300720DA5 /* ContactTool.swift in Sources */,
				2E8F525822ADE4D700720DA5 /* ViewController.swift in Sources */,
				2E8F525622ADE4D700720DA5 /* AppDelegate.swift in Sources */,
			);
			runOnlyForDeploymentPostprocessing = 0;
		};
		2E8F526222ADE4D900720DA5 /* Sources */ = {
			isa = PBXSourcesBuildPhase;
			buildActionMask = 2147483647;
			files = (
				2E8F526B22ADE4D900720DA5 /* ContactTestTests.swift in Sources */,
			);
			runOnlyForDeploymentPostprocessing = 0;
		};
		2E8F526D22ADE4D900720DA5 /* Sources */ = {
			isa = PBXSourcesBuildPhase;
			buildActionMask = 2147483647;
			files = (
				2E8F527622ADE4D900720DA5 /* ContactTestUITests.swift in Sources */,
			);
			runOnlyForDeploymentPostprocessing = 0;
		};
/* End PBXSourcesBuildPhase section */

/* Begin PBXTargetDependency section */
		2E8F526822ADE4D900720DA5 /* PBXTargetDependency */ = {
			isa = PBXTargetDependency;
			target = 2E8F525122ADE4D700720DA5 /* ContactTest */;
			targetProxy = 2E8F526722ADE4D900720DA5 /* PBXContainerItemProxy */;
		};
		2E8F527322ADE4D900720DA5 /* PBXTargetDependency */ = {
			isa = PBXTargetDependency;
			target = 2E8F525122ADE4D700720DA5 /* ContactTest */;
			targetProxy = 2E8F527222ADE4D900720DA5 /* PBXContainerItemProxy */;
		};
/* End PBXTargetDependency section */

/* Begin PBXVariantGroup section */
		2E8F525922ADE4D700720DA5 /* Main.storyboard */ = {
			isa = PBXVariantGroup;
			children = (
				2E8F525A22ADE4D700720DA5 /* Base */,
			);
			name = Main.storyboard;
			sourceTree = "<group>";
		};
		2E8F525E22ADE4D900720DA5 /* LaunchScreen.storyboard */ = {
			isa = PBXVariantGroup;
			children = (
				2E8F525F22ADE4D900720DA5 /* Base */,
			);
			name = LaunchScreen.storyboard;
			sourceTree = "<group>";
		};
/* End PBXVariantGroup section */

/* Begin XCBuildConfiguration section */
		2E8F527822ADE4D900720DA5 /* Debug */ = {
			isa = XCBuildConfiguration;
			buildSettings = {
				ALWAYS_SEARCH_USER_PATHS = NO;
				CLANG_ANALYZER_NONNULL = YES;
				CLANG_ANALYZER_NUMBER_OBJECT_CONVERSION = YES_AGGRESSIVE;
				CLANG_CXX_LANGUAGE_STANDARD = "gnu++14";
				CLANG_CXX_LIBRARY = "libc++";
				CLANG_ENABLE_MODULES = YES;
				CLANG_ENABLE_OBJC_ARC = YES;
				CLANG_ENABLE_OBJC_WEAK = YES;
				CLANG_WARN_BLOCK_CAPTURE_AUTORELEASING = YES;
				CLANG_WARN_BOOL_CONVERSION = YES;
				CLANG_WARN_COMMA = YES;
				CLANG_WARN_CONSTANT_CONVERSION = YES;
				CLANG_WARN_DEPRECATED_OBJC_IMPLEMENTATIONS = YES;
				CLANG_WARN_DIRECT_OBJC_ISA_USAGE = YES_ERROR;
				CLANG_WARN_DOCUMENTATION_COMMENTS = YES;
				CLANG_WARN_EMPTY_BODY = YES;
				CLANG_WARN_ENUM_CONVERSION = YES;
				CLANG_WARN_INFINITE_RECURSION = YES;
				CLANG_WARN_INT_CONVERSION = YES;
				CLANG_WARN_NON_LITERAL_NULL_CONVERSION = YES;
				CLANG_WARN_OBJC_IMPLICIT_RETAIN_SELF = YES;
				CLANG_WARN_OBJC_LITERAL_CONVERSION = YES;
				CLANG_WARN_OBJC_ROOT_CLASS = YES_ERROR;
				CLANG_WARN_RANGE_LOOP_ANALYSIS = YES;
				CLANG_WARN_STRICT_PROTOTYPES = YES;
				CLANG_WARN_SUSPICIOUS_MOVE = YES;
				CLANG_WARN_UNGUARDED_AVAILABILITY = YES_AGGRESSIVE;
				CLANG_WARN_UNREACHABLE_CODE = YES;
				CLANG_WARN__DUPLICATE_METHOD_MATCH = YES;
				CODE_SIGN_IDENTITY = "iPhone Developer";
				COPY_PHASE_STRIP = NO;
				DEBUG_INFORMATION_FORMAT = dwarf;
				ENABLE_STRICT_OBJC_MSGSEND = YES;
				ENABLE_TESTABILITY = YES;
				GCC_C_LANGUAGE_STANDARD = gnu11;
				GCC_DYNAMIC_NO_PIC = NO;
				GCC_NO_COMMON_BLOCKS = YES;
				GCC_OPTIMIZATION_LEVEL = 0;
				GCC_PREPROCESSOR_DEFINITIONS = (
					"DEBUG=1",
					"$(inherited)",
				);
				GCC_WARN_64_TO_32_BIT_CONVERSION = YES;
				GCC_WARN_ABOUT_RETURN_TYPE = YES_ERROR;
				GCC_WARN_UNDECLARED_SELECTOR = YES;
				GCC_WARN_UNINITIALIZED_AUTOS = YES_AGGRESSIVE;
				GCC_WARN_UNUSED_FUNCTION = YES;
				GCC_WARN_UNUSED_VARIABLE = YES;
				IPHONEOS_DEPLOYMENT_TARGET = 12.2;
				MTL_ENABLE_DEBUG_INFO = INCLUDE_SOURCE;
				MTL_FAST_MATH = YES;
				ONLY_ACTIVE_ARCH = YES;
				SDKROOT = iphoneos;
				SWIFT_ACTIVE_COMPILATION_CONDITIONS = DEBUG;
				SWIFT_OPTIMIZATION_LEVEL = "-Onone";
			};
			name = Debug;
		};
		2E8F527922ADE4D900720DA5 /* Release */ = {
			isa = XCBuildConfiguration;
			buildSettings = {
				ALWAYS_SEARCH_USER_PATHS = NO;
				CLANG_ANALYZER_NONNULL = YES;
				CLANG_ANALYZER_NUMBER_OBJECT_CONVERSION = YES_AGGRESSIVE;
				CLANG_CXX_LANGUAGE_STANDARD = "gnu++14";
				CLANG_CXX_LIBRARY = "libc++";
				CLANG_ENABLE_MODULES = YES;
				CLANG_ENABLE_OBJC_ARC = YES;
				CLANG_ENABLE_OBJC_WEAK = YES;
				CLANG_WARN_BLOCK_CAPTURE_AUTORELEASING = YES;
				CLANG_WARN_BOOL_CONVERSION = YES;
				CLANG_WARN_COMMA = YES;
				CLANG_WARN_CONSTANT_CONVERSION = YES;
				CLANG_WARN_DEPRECATED_OBJC_IMPLEMENTATIONS = YES;
				CLANG_WARN_DIRECT_OBJC_ISA_USAGE = YES_ERROR;
				CLANG_WARN_DOCUMENTATION_COMMENTS = YES;
				CLANG_WARN_EMPTY_BODY = YES;
				CLANG_WARN_ENUM_CONVERSION = YES;
				CLANG_WARN_INFINITE_RECURSION = YES;
				CLANG_WARN_INT_CONVERSION = YES;
				CLANG_WARN_NON_LITERAL_NULL_CONVERSION = YES;
				CLANG_WARN_OBJC_IMPLICIT_RETAIN_SELF = YES;
				CLANG_WARN_OBJC_LITERAL_CONVERSION = YES;
				CLANG_WARN_OBJC_ROOT_CLASS = YES_ERROR;
				CLANG_WARN_RANGE_LOOP_ANALYSIS = YES;
				CLANG_WARN_STRICT_PROTOTYPES = YES;
				CLANG_WARN_SUSPICIOUS_MOVE = YES;
				CLANG_WARN_UNGUARDED_AVAILABILITY = YES_AGGRESSIVE;
				CLANG_WARN_UNREACHABLE_CODE = YES;
				CLANG_WARN__DUPLICATE_METHOD_MATCH = YES;
				CODE_SIGN_IDENTITY = "iPhone Developer";
				COPY_PHASE_STRIP = NO;
				DEBUG_INFORMATION_FORMAT = "dwarf-with-dsym";
				ENABLE_NS_ASSERTIONS = NO;
				ENABLE_STRICT_OBJC_MSGSEND = YES;
				GCC_C_LANGUAGE_STANDARD = gnu11;
				GCC_NO_COMMON_BLOCKS = YES;
				GCC_WARN_64_TO_32_BIT_CONVERSION = YES;
				GCC_WARN_ABOUT_RETURN_TYPE = YES_ERROR;
				GCC_WARN_UNDECLARED_SELECTOR = YES;
				GCC_WARN_UNINITIALIZED_AUTOS = YES_AGGRESSIVE;
				GCC_WARN_UNUSED_FUNCTION = YES;
				GCC_WARN_UNUSED_VARIABLE = YES;
				IPHONEOS_DEPLOYMENT_TARGET = 12.2;
				MTL_ENABLE_DEBUG_INFO = NO;
				MTL_FAST_MATH = YES;
				SDKROOT = iphoneos;
				SWIFT_COMPILATION_MODE = wholemodule;
				SWIFT_OPTIMIZATION_LEVEL = "-O";
				VALIDATE_PRODUCT = YES;
			};
			name = Release;
		};
		2E8F527B22ADE4D900720DA5 /* Debug */ = {
			isa = XCBuildConfiguration;
			buildSettings = {
				ASSETCATALOG_COMPILER_APPICON_NAME = AppIcon;
				CODE_SIGN_STYLE = Manual;
				DEVELOPMENT_TEAM = WAUXHC542N;
				INFOPLIST_FILE = ContactTest/Info.plist;
				LD_RUNPATH_SEARCH_PATHS = (
					"$(inherited)",
					"@executable_path/Frameworks",
				);
				PRODUCT_BUNDLE_IDENTIFIER = com.sooying.ContactTest;
				PRODUCT_NAME = "$(TARGET_NAME)";
				PROVISIONING_PROFILE_SPECIFIER = zxc_test7;
				SWIFT_VERSION = 5.0;
				TARGETED_DEVICE_FAMILY = "1,2";
			};
			name = Debug;
		};
		2E8F527C22ADE4D900720DA5 /* Release */ = {
			isa = XCBuildConfiguration;
			buildSettings = {
				ASSETCATALOG_COMPILER_APPICON_NAME = AppIcon;
				CODE_SIGN_STYLE = Manual;
				DEVELOPMENT_TEAM = WAUXHC542N;
				INFOPLIST_FILE = ContactTest/Info.plist;
				LD_RUNPATH_SEARCH_PATHS = (
					"$(inherited)",
					"@executable_path/Frameworks",
				);
				PRODUCT_BUNDLE_IDENTIFIER = com.sooying.ContactTest;
				PRODUCT_NAME = "$(TARGET_NAME)";
				PROVISIONING_PROFILE_SPECIFIER = zxc_test7;
				SWIFT_VERSION = 5.0;
				TARGETED_DEVICE_FAMILY = "1,2";
			};
			name = Release;
		};
		2E8F527E22ADE4D900720DA5 /* Debug */ = {
			isa = XCBuildConfiguration;
			buildSettings = {
				ALWAYS_EMBED_SWIFT_STANDARD_LIBRARIES = YES;
				BUNDLE_LOADER = "$(TEST_HOST)";
				CODE_SIGN_STYLE = Automatic;
				INFOPLIST_FILE = ContactTestTests/Info.plist;
				LD_RUNPATH_SEARCH_PATHS = (
					"$(inherited)",
					"@executable_path/Frameworks",
					"@loader_path/Frameworks",
				);
				PRODUCT_BUNDLE_IDENTIFIER = com.sooying.ContactTestTests;
				PRODUCT_NAME = "$(TARGET_NAME)";
				SWIFT_VERSION = 5.0;
				TARGETED_DEVICE_FAMILY = "1,2";
				TEST_HOST = "$(BUILT_PRODUCTS_DIR)/ContactTest.app/ContactTest";
			};
			name = Debug;
		};
		2E8F527F22ADE4D900720DA5 /* Release */ = {
			isa = XCBuildConfiguration;
			buildSettings = {
				ALWAYS_EMBED_SWIFT_STANDARD_LIBRARIES = YES;
				BUNDLE_LOADER = "$(TEST_HOST)";
				CODE_SIGN_STYLE = Automatic;
				INFOPLIST_FILE = ContactTestTests/Info.plist;
				LD_RUNPATH_SEARCH_PATHS = (
					"$(inherited)",
					"@executable_path/Frameworks",
					"@loader_path/Frameworks",
				);
				PRODUCT_BUNDLE_IDENTIFIER = com.sooying.ContactTestTests;
				PRODUCT_NAME = "$(TARGET_NAME)";
				SWIFT_VERSION = 5.0;
				TARGETED_DEVICE_FAMILY = "1,2";
				TEST_HOST = "$(BUILT_PRODUCTS_DIR)/ContactTest.app/ContactTest";
			};
			name = Release;
		};
		2E8F528122ADE4D900720DA5 /* Debug */ = {
			isa = XCBuildConfiguration;
			buildSettings = {
				ALWAYS_EMBED_SWIFT_STANDARD_LIBRARIES = YES;
				CODE_SIGN_STYLE = Automatic;
				INFOPLIST_FILE = ContactTestUITests/Info.plist;
				LD_RUNPATH_SEARCH_PATHS = (
					"$(inherited)",
					"@executable_path/Frameworks",
					"@loader_path/Frameworks",
				);
				PRODUCT_BUNDLE_IDENTIFIER = com.sooying.ContactTestUITests;
				PRODUCT_NAME = "$(TARGET_NAME)";
				SWIFT_VERSION = 5.0;
				TARGETED_DEVICE_FAMILY = "1,2";
				TEST_TARGET_NAME = ContactTest;
			};
			name = Debug;
		};
		2E8F528222ADE4D900720DA5 /* Release */ = {
			isa = XCBuildConfiguration;
			buildSettings = {
				ALWAYS_EMBED_SWIFT_STANDARD_LIBRARIES = YES;
				CODE_SIGN_STYLE = Automatic;
				INFOPLIST_FILE = ContactTestUITests/Info.plist;
				LD_RUNPATH_SEARCH_PATHS = (
					"$(inherited)",
					"@executable_path/Frameworks",
					"@loader_path/Frameworks",
				);
				PRODUCT_BUNDLE_IDENTIFIER = com.sooying.ContactTestUITests;
				PRODUCT_NAME = "$(TARGET_NAME)";
				SWIFT_VERSION = 5.0;
				TARGETED_DEVICE_FAMILY = "1,2";
				TEST_TARGET_NAME = ContactTest;
			};
			name = Release;
		};
/* End XCBuildConfiguration section */

/* Begin XCConfigurationList section */
		2E8F524D22ADE4D700720DA5 /* Build configuration list for PBXProject "ContactTest" */ = {
			isa = XCConfigurationList;
			buildConfigurations = (
				2E8F527822ADE4D900720DA5 /* Debug */,
				2E8F527922ADE4D900720DA5 /* Release */,
			);
			defaultConfigurationIsVisible = 0;
			defaultConfigurationName = Release;
		};
		2E8F527A22ADE4D900720DA5 /* Build configuration list for PBXNativeTarget "ContactTest" */ = {
			isa = XCConfigurationList;
			buildConfigurations = (
				2E8F527B22ADE4D900720DA5 /* Debug */,
				2E8F527C22ADE4D900720DA5 /* Release */,
			);
			defaultConfigurationIsVisible = 0;
			defaultConfigurationName = Release;
		};
		2E8F527D22ADE4D900720DA5 /* Build configuration list for PBXNativeTarget "ContactTestTests" */ = {
			isa = XCConfigurationList;
			buildConfigurations = (
				2E8F527E22ADE4D900720DA5 /* Debug */,
				2E8F527F22ADE4D900720DA5 /* Release */,
			);
			defaultConfigurationIsVisible = 0;
			defaultConfigurationName = Release;
		};
		2E8F528022ADE4D900720DA5 /* Build configuration list for PBXNativeTarget "ContactTestUITests" */ = {
			isa = XCConfigurationList;
			buildConfigurations = (
				2E8F528122ADE4D900720DA5 /* Debug */,
				2E8F528222ADE4D900720DA5 /* Release */,
			);
			defaultConfigurationIsVisible = 0;
			defaultConfigurationName = Release;
		};
/* End XCConfigurationList section */
	};
	rootObject = 2E8F524A22ADE4D700720DA5 /* Project object */;
}
